
Microsoft Visual Studio Solution File, Format Version 12.00
# Visual Studio Version 17
VisualStudioVersion = 17.10.35013.160
MinimumVisualStudioVersion = 10.0.40219.1
Project("{9A19103F-16F7-4668-BE54-9A1E7A4F7556}") = "WebOS.Net", "WebOS.Net\WebOS.Net.csproj", "{857D3936-CAB7-473A-92CE-4A73B661E295}"
EndProject
Global
	GlobalSection(SolutionConfigurationPlatforms) = preSolution
		Debug|Any CPU = Debug|Any CPU
		Release|Any CPU = Release|Any CPU
	EndGlobalSection
	GlobalSection(ProjectConfigurationPlatforms) = postSolution
		{857D3936-CAB7-473A-92CE-4A73B661E295}.Debug|Any CPU.ActiveCfg = Debug|Any CPU
		{857D3936-CAB7-473A-92CE-4A73B661E295}.Debug|Any CPU.Build.0 = Debug|Any CPU
		{857D3936-CAB7-473A-92CE-4A73B661E295}.Release|Any CPU.ActiveCfg = Release|Any CPU
		{857D3936-CAB7-473A-92CE-4A73B661E295}.Release|Any CPU.Build.0 = Release|Any CPU
	EndGlobalSection
	GlobalSection(SolutionProperties) = preSolution
		HideSolutionNode = FALSE
	EndGlobalSection
	GlobalSection(ExtensibilityGlobals) = postSolution
		SolutionGuid = {3EA5FF57-0C04-4B52-A57F-039F57D621DA}
	EndGlobalSection
EndGlobal
